
Microsoft Visual Studio Solution File, Format Version 10.00
# Visual C# Express 2008
Project("{FAE04EC0-301F-11D3-BF4B-00C04F79EFBC}") = "calculadora", "calculadora\calculadora.csproj", "{C094EDB9-A428-46EB-AF06-F36152D99A0F}"
EndProject
Global
	GlobalSection(SolutionConfigurationPlatforms) = preSolution
		Debug|Any CPU = Debug|Any CPU
		Release|Any CPU = Release|Any CPU
	EndGlobalSection
	GlobalSection(ProjectConfigurationPlatforms) = postSolution
		{C094EDB9-A428-46EB-AF06-F36152D99A0F}.Debug|Any CPU.ActiveCfg = Debug|Any CPU
		{C094EDB9-A428-46EB-AF06-F36152D99A0F}.Debug|Any CPU.Build.0 = Debug|Any CPU
		{C094EDB9-A428-46EB-AF06-F36152D99A0F}.Release|Any CPU.ActiveCfg = Release|Any CPU
		{C094EDB9-A428-46EB-AF06-F36152D99A0F}.Release|Any CPU.Build.0 = Release|Any CPU
	EndGlobalSection
	GlobalSection(SolutionProperties) = preSolution
		HideSolutionNode = FALSE
	EndGlobalSection
EndGlobal
